
Microsoft Visual Studio Solution File, Format Version 12.00
# Visual Studio Version 16
VisualStudioVersion = 16.0.31025.194
MinimumVisualStudioVersion = 10.0.40219.1
Project("{FAE04EC0-301F-11D3-BF4B-00C04F79EFBC}") = "Bai105mvvm.Android", "Bai105mvvm.Android\Bai105mvvm.Android.csproj", "{91CCF3FB-9C0A-435A-BAAB-C4AAB8B75DF8}"
EndProject
Project("{FAE04EC0-301F-11D3-BF4B-00C04F79EFBC}") = "Bai105mvvm", "Bai105mvvm\Bai105mvvm.csproj", "{310E69D1-E1D1-4A62-9EC0-81D2F027490F}"
EndProject
Global
	GlobalSection(SolutionConfigurationPlatforms) = preSolution
		Debug|Any CPU = Debug|Any CPU
		Release|Any CPU = Release|Any CPU
	EndGlobalSection
	GlobalSection(ProjectConfigurationPlatforms) = postSolution
		{91CCF3FB-9C0A-435A-BAAB-C4AAB8B75DF8}.Debug|Any CPU.ActiveCfg = Debug|Any CPU
		{91CCF3FB-9C0A-435A-BAAB-C4AAB8B75DF8}.Debug|Any CPU.Build.0 = Debug|Any CPU
		{91CCF3FB-9C0A-435A-BAAB-C4AAB8B75DF8}.Debug|Any CPU.Deploy.0 = Debug|Any CPU
		{91CCF3FB-9C0A-435A-BAAB-C4AAB8B75DF8}.Release|Any CPU.ActiveCfg = Release|Any CPU
		{91CCF3FB-9C0A-435A-BAAB-C4AAB8B75DF8}.Release|Any CPU.Build.0 = Release|Any CPU
		{91CCF3FB-9C0A-435A-BAAB-C4AAB8B75DF8}.Release|Any CPU.Deploy.0 = Release|Any CPU
		{310E69D1-E1D1-4A62-9EC0-81D2F027490F}.Debug|Any CPU.ActiveCfg = Debug|Any CPU
		{310E69D1-E1D1-4A62-9EC0-81D2F027490F}.Debug|Any CPU.Build.0 = Debug|Any CPU
		{310E69D1-E1D1-4A62-9EC0-81D2F027490F}.Debug|Any CPU.Deploy.0 = Debug|Any CPU
		{310E69D1-E1D1-4A62-9EC0-81D2F027490F}.Release|Any CPU.ActiveCfg = Release|Any CPU
		{310E69D1-E1D1-4A62-9EC0-81D2F027490F}.Release|Any CPU.Build.0 = Release|Any CPU
		{310E69D1-E1D1-4A62-9EC0-81D2F027490F}.Release|Any CPU.Deploy.0 = Release|Any CPU
	EndGlobalSection
	GlobalSection(SolutionProperties) = preSolution
		HideSolutionNode = FALSE
	EndGlobalSection
	GlobalSection(ExtensibilityGlobals) = postSolution
		SolutionGuid = {EBC45EA3-F905-4E6F-BC73-8DCF41F6A692}
	EndGlobalSection
EndGlobal
